# This file is automatically @generated by Cargo.
# It is not intended for manual editing.
version = 3

[[package]]
name = "CreateProcessW"
version = "0.1.0"
dependencies = [
 "windows",
]

[[package]]
name = "windows"
version = "0.24.0"
source = "registry+https://github.com/rust-lang/crates.io-index"
checksum = "a9f39345ae0c8ab072c0ac7fe8a8b411636aa34f89be19ddd0d9226544f13944"
dependencies = [
 "windows_i686_gnu",
 "windows_i686_msvc",
 "windows_x86_64_gnu",
 "windows_x86_64_msvc",
]

[[package]]
name = "windows_i686_gnu"
version = "0.24.0"
source = "registry+https://github.com/rust-lang/crates.io-index"
checksum = "c0866510a3eca9aed73a077490bbbf03e5eaac4e1fd70849d89539e5830501fd"

[[package]]
name = "windows_i686_msvc"
version = "0.24.0"
source = "registry+https://github.com/rust-lang/crates.io-index"
checksum = "bf0ffed56b7e9369a29078d2ab3aaeceea48eb58999d2cff3aa2494a275b95c6"

[[package]]
name = "windows_x86_64_gnu"
version = "0.24.0"
source = "registry+https://github.com/rust-lang/crates.io-index"
checksum = "384a173630588044205a2993b6864a2f56e5a8c1e7668c07b93ec18cf4888dc4"

[[package]]
name = "windows_x86_64_msvc"
version = "0.24.0"
source = "registry+https://github.com/rust-lang/crates.io-index"
checksum = "9bd8f062d8ca5446358159d79a90be12c543b3a965c847c8f3eedf14b321d399"
